// !$*UTF8*$!
{
	archiveVersion = 1;
	classes = {
	};
	objectVersion = 50;
	objects = {

/* Begin PBXBuildFile section */
		575C9E302599EEEE00AB4E0B /* finalApp.swift in Sources */ = {isa = PBXBuildFile; fileRef = 575C9E2F2599EEEE00AB4E0B /* finalApp.swift */; };
		575C9E322599EEEE00AB4E0B /* ContentView.swift in Sources */ = {isa = PBXBuildFile; fileRef = 575C9E312599EEEE00AB4E0B /* ContentView.swift */; };
		575C9E342599EEF000AB4E0B /* Assets.xcassets in Resources */ = {isa = PBXBuildFile; fileRef = 575C9E332599EEF000AB4E0B /* Assets.xcassets */; };
		575C9E372599EEF000AB4E0B /* Preview Assets.xcassets in Resources */ = {isa = PBXBuildFile; fileRef = 575C9E362599EEF000AB4E0B /* Preview Assets.xcassets */; };
		575C9E422599EEF000AB4E0B /* finalTests.swift in Sources */ = {isa = PBXBuildFile; fileRef = 575C9E412599EEF000AB4E0B /* finalTests.swift */; };
		575C9E4D2599EEF000AB4E0B /* finalUITests.swift in Sources */ = {isa = PBXBuildFile; fileRef = 575C9E4C2599EEF000AB4E0B /* finalUITests.swift */; };
/* End PBXBuildFile section */

/* Begin PBXContainerItemProxy section */
		575C9E3E2599EEF000AB4E0B /* PBXContainerItemProxy */ = {
			isa = PBXContainerItemProxy;
			containerPortal = 575C9E242599EEEE00AB4E0B /* Project object */;
			proxyType = 1;
			remoteGlobalIDString = 575C9E2B2599EEEE00AB4E0B;
			remoteInfo = final;
		};
		575C9E492599EEF000AB4E0B /* PBXContainerItemProxy */ = {
			isa = PBXContainerItemProxy;
			containerPortal = 575C9E242599EEEE00AB4E0B /* Project object */;
			proxyType = 1;
			remoteGlobalIDString = 575C9E2B2599EEEE00AB4E0B;
			remoteInfo = final;
		};
/* End PBXContainerItemProxy section */

/* Begin PBXFileReference section */
		575C9E2C2599EEEE00AB4E0B /* final.app */ = {isa = PBXFileReference; explicitFileType = wrapper.application; includeInIndex = 0; path = final.app; sourceTree = BUILT_PRODUCTS_DIR; };
		575C9E2F2599EEEE00AB4E0B /* finalApp.swift */ = {isa = PBXFileReference; lastKnownFileType = sourcecode.swift; path = finalApp.swift; sourceTree = "<group>"; };
		575C9E312599EEEE00AB4E0B /* ContentView.swift */ = {isa = PBXFileReference; lastKnownFileType = sourcecode.swift; path = ContentView.swift; sourceTree = "<group>"; };
		575C9E332599EEF000AB4E0B /* Assets.xcassets */ = {isa = PBXFileReference; lastKnownFileType = folder.assetcatalog; path = Assets.xcassets; sourceTree = "<group>"; };
		575C9E362599EEF000AB4E0B /* Preview Assets.xcassets */ = {isa = PBXFileReference; lastKnownFileType = folder.assetcatalog; path = "Preview Assets.xcassets"; sourceTree = "<group>"; };
		575C9E382599EEF000AB4E0B /* Info.plist */ = {isa = PBXFileReference; lastKnownFileType = text.plist.xml; path = Info.plist; sourceTree = "<group>"; };
		575C9E3D2599EEF000AB4E0B /* finalTests.xctest */ = {isa = PBXFileReference; explicitFileType = wrapper.cfbundle; includeInIndex = 0; path = finalTests.xctest; sourceTree = BUILT_PRODUCTS_DIR; };
		575C9E412599EEF000AB4E0B /* finalTests.swift */ = {isa = PBXFileReference; lastKnownFileType = sourcecode.swift; path = finalTests.swift; sourceTree = "<group>"; };
		575C9E432599EEF000AB4E0B /* Info.plist */ = {isa = PBXFileReference; lastKnownFileType = text.plist.xml; path = Info.plist; sourceTree = "<group>"; };
		575C9E482599EEF000AB4E0B /* finalUITests.xctest */ = {isa = PBXFileReference; explicitFileType = wrapper.cfbundle; includeInIndex = 0; path = finalUITests.xctest; sourceTree = BUILT_PRODUCTS_DIR; };
		575C9E4C2599EEF000AB4E0B /* finalUITests.swift */ = {isa = PBXFileReference; lastKnownFileType = sourcecode.swift; path = finalUITests.swift; sourceTree = "<group>"; };
		575C9E4E2599EEF000AB4E0B /* Info.plist */ = {isa = PBXFileReference; lastKnownFileType = text.plist.xml; path = Info.plist; sourceTree = "<group>"; };
/* End PBXFileReference section */

/* Begin PBXFrameworksBuildPhase section */
		575C9E292599EEEE00AB4E0B /* Frameworks */ = {
			isa = PBXFrameworksBuildPhase;
			buildActionMask = 2147483647;
			files = (
			);
			runOnlyForDeploymentPostprocessing = 0;
		};
		575C9E3A2599EEF000AB4E0B /* Frameworks */ = {
			isa = PBXFrameworksBuildPhase;
			buildActionMask = 2147483647;
			files = (
			);
			runOnlyForDeploymentPostprocessing = 0;
		};
		575C9E452599EEF000AB4E0B /* Frameworks */ = {
			isa = PBXFrameworksBuildPhase;
			buildActionMask = 2147483647;
			files = (
			);
			runOnlyForDeploymentPostprocessing = 0;
		};
/* End PBXFrameworksBuildPhase section */

/* Begin PBXGroup section */
		575C9E232599EEEE00AB4E0B = {
			isa = PBXGroup;
			children = (
				575C9E2E2599EEEE00AB4E0B /* final */,
				575C9E402599EEF000AB4E0B /* finalTests */,
				575C9E4B2599EEF000AB4E0B /* finalUITests */,
				575C9E2D2599EEEE00AB4E0B /* Products */,
			);
			sourceTree = "<group>";
		};
		575C9E2D2599EEEE00AB4E0B /* Products */ = {
			isa = PBXGroup;
			children = (
				575C9E2C2599EEEE00AB4E0B /* final.app */,
				575C9E3D2599EEF000AB4E0B /* finalTests.xctest */,
				575C9E482599EEF000AB4E0B /* finalUITests.xctest */,
			);
			name = Products;
			sourceTree = "<group>";
		};
		575C9E2E2599EEEE00AB4E0B /* final */ = {
			isa = PBXGroup;
			children = (
				575C9E2F2599EEEE00AB4E0B /* finalApp.swift */,
				575C9E312599EEEE00AB4E0B /* ContentView.swift */,
				575C9E332599EEF000AB4E0B /* Assets.xcassets */,
				575C9E382599EEF000AB4E0B /* Info.plist */,
				575C9E352599EEF000AB4E0B /* Preview Content */,
			);
			path = final;
			sourceTree = "<group>";
		};
		575C9E352599EEF000AB4E0B /* Preview Content */ = {
			isa = PBXGroup;
			children = (
				575C9E362599EEF000AB4E0B /* Preview Assets.xcassets */,
			);
			path = "Preview Content";
			sourceTree = "<group>";
		};
		575C9E402599EEF000AB4E0B /* finalTests */ = {
			isa = PBXGroup;
			children = (
				575C9E412599EEF000AB4E0B /* finalTests.swift */,
				575C9E432599EEF000AB4E0B /* Info.plist */,
			);
			path = finalTests;
			sourceTree = "<group>";
		};
		575C9E4B2599EEF000AB4E0B /* finalUITests */ = {
			isa = PBXGroup;
			children = (
				575C9E4C2599EEF000AB4E0B /* finalUITests.swift */,
				575C9E4E2599EEF000AB4E0B /* Info.plist */,
			);
			path = finalUITests;
			sourceTree = "<group>";
		};
/* End PBXGroup section */

/* Begin PBXNativeTarget section */
		575C9E2B2599EEEE00AB4E0B /* final */ = {
			isa = PBXNativeTarget;
			buildConfigurationList = 575C9E512599EEF000AB4E0B /* Build configuration list for PBXNativeTarget "final" */;
			buildPhases = (
				575C9E282599EEEE00AB4E0B /* Sources */,
				575C9E292599EEEE00AB4E0B /* Frameworks */,
				575C9E2A2599EEEE00AB4E0B /* Resources */,
			);
			buildRules = (
			);
			dependencies = (
			);
			name = final;
			productName = final;
			productReference = 575C9E2C2599EEEE00AB4E0B /* final.app */;
			productType = "com.apple.product-type.application";
		};
		575C9E3C2599EEF000AB4E0B /* finalTests */ = {
			isa = PBXNativeTarget;
			buildConfigurationList = 575C9E542599EEF000AB4E0B /* Build configuration list for PBXNativeTarget "finalTests" */;
			buildPhases = (
				575C9E392599EEF000AB4E0B /* Sources */,
				575C9E3A2599EEF000AB4E0B /* Frameworks */,
				575C9E3B2599EEF000AB4E0B /* Resources */,
			);
			buildRules = (
			);
			dependencies = (
				575C9E3F2599EEF000AB4E0B /* PBXTargetDependency */,
			);
			name = finalTests;
			productName = finalTests;
			productReference = 575C9E3D2599EEF000AB4E0B /* finalTests.xctest */;
			productType = "com.apple.product-type.bundle.unit-test";
		};
		575C9E472599EEF000AB4E0B /* finalUITests */ = {
			isa = PBXNativeTarget;
			buildConfigurationList = 575C9E572599EEF000AB4E0B /* Build configuration list for PBXNativeTarget "finalUITests" */;
			buildPhases = (
				575C9E442599EEF000AB4E0B /* Sources */,
				575C9E452599EEF000AB4E0B /* Frameworks */,
				575C9E462599EEF000AB4E0B /* Resources */,
			);
			buildRules = (
			);
			dependencies = (
				575C9E4A2599EEF000AB4E0B /* PBXTargetDependency */,
			);
			name = finalUITests;
			productName = finalUITests;
			productReference = 575C9E482599EEF000AB4E0B /* finalUITests.xctest */;
			productType = "com.apple.product-type.bundle.ui-testing";
		};
/* End PBXNativeTarget section */

/* Begin PBXProject section */
		575C9E242599EEEE00AB4E0B /* Project object */ = {
			isa = PBXProject;
			attributes = {
				LastSwiftUpdateCheck = 1220;
				LastUpgradeCheck = 1220;
				TargetAttributes = {
					575C9E2B2599EEEE00AB4E0B = {
						CreatedOnToolsVersion = 12.2;
					};
					575C9E3C2599EEF000AB4E0B = {
						CreatedOnToolsVersion = 12.2;
						TestTargetID = 575C9E2B2599EEEE00AB4E0B;
					};
					575C9E472599EEF000AB4E0B = {
						CreatedOnToolsVersion = 12.2;
						TestTargetID = 575C9E2B2599EEEE00AB4E0B;
					};
				};
			};
			buildConfigurationList = 575C9E272599EEEE00AB4E0B /* Build configuration list for PBXProject "final" */;
			compatibilityVersion = "Xcode 9.3";
			developmentRegion = en;
			hasScannedForEncodings = 0;
			knownRegions = (
				en,
				Base,
			);
			mainGroup = 575C9E232599EEEE00AB4E0B;
			productRefGroup = 575C9E2D2599EEEE00AB4E0B /* Products */;
			projectDirPath = "";
			projectRoot = "";
			targets = (
				575C9E2B2599EEEE00AB4E0B /* final */,
				575C9E3C2599EEF000AB4E0B /* finalTests */,
				575C9E472599EEF000AB4E0B /* finalUITests */,
			);
		};
/* End PBXProject section */

/* Begin PBXResourcesBuildPhase section */
		575C9E2A2599EEEE00AB4E0B /* Resources */ = {
			isa = PBXResourcesBuildPhase;
			buildActionMask = 2147483647;
			files = (
				575C9E372599EEF000AB4E0B /* Preview Assets.xcassets in Resources */,
				575C9E342599EEF000AB4E0B /* Assets.xcassets in Resources */,
			);
			runOnlyForDeploymentPostprocessing = 0;
		};
		575C9E3B2599EEF000AB4E0B /* Resources */ = {
			isa = PBXResourcesBuildPhase;
			buildActionMask = 2147483647;
			files = (
			);
			runOnlyForDeploymentPostprocessing = 0;
		};
		575C9E462599EEF000AB4E0B /* Resources */ = {
			isa = PBXResourcesBuildPhase;
			buildActionMask = 2147483647;
			files = (
			);
			runOnlyForDeploymentPostprocessing = 0;
		};
/* End PBXResourcesBuildPhase section */

/* Begin PBXSourcesBuildPhase section */
		575C9E282599EEEE00AB4E0B /* Sources */ = {
			isa = PBXSourcesBuildPhase;
			buildActionMask = 2147483647;
			files = (
				575C9E322599EEEE00AB4E0B /* ContentView.swift in Sources */,
				575C9E302599EEEE00AB4E0B /* finalApp.swift in Sources */,
			);
			runOnlyForDeploymentPostprocessing = 0;
		};
		575C9E392599EEF000AB4E0B /* Sources */ = {
			isa = PBXSourcesBuildPhase;
			buildActionMask = 2147483647;
			files = (
				575C9E422599EEF000AB4E0B /* finalTests.swift in Sources */,
			);
			runOnlyForDeploymentPostprocessing = 0;
		};
		575C9E442599EEF000AB4E0B /* Sources */ = {
			isa = PBXSourcesBuildPhase;
			buildActionMask = 2147483647;
			files = (
				575C9E4D2599EEF000AB4E0B /* finalUITests.swift in Sources */,
			);
			runOnlyForDeploymentPostprocessing = 0;
		};
/* End PBXSourcesBuildPhase section */

/* Begin PBXTargetDependency section */
		575C9E3F2599EEF000AB4E0B /* PBXTargetDependency */ = {
			isa = PBXTargetDependency;
			target = 575C9E2B2599EEEE00AB4E0B /* final */;
			targetProxy = 575C9E3E2599EEF000AB4E0B /* PBXContainerItemProxy */;
		};
		575C9E4A2599EEF000AB4E0B /* PBXTargetDependency */ = {
			isa = PBXTargetDependency;
			target = 575C9E2B2599EEEE00AB4E0B /* final */;
			targetProxy = 575C9E492599EEF000AB4E0B /* PBXContainerItemProxy */;
		};
/* End PBXTargetDependency section */

/* Begin XCBuildConfiguration section */
		575C9E4F2599EEF000AB4E0B /* Debug */ = {
			isa = XCBuildConfiguration;
			buildSettings = {
				ALWAYS_SEARCH_USER_PATHS = NO;
				CLANG_ANALYZER_NONNULL = YES;
				CLANG_ANALYZER_NUMBER_OBJECT_CONVERSION = YES_AGGRESSIVE;
				CLANG_CXX_LANGUAGE_STANDARD = "gnu++14";
				CLANG_CXX_LIBRARY = "libc++";
				CLANG_ENABLE_MODULES = YES;
				CLANG_ENABLE_OBJC_ARC = YES;
				CLANG_ENABLE_OBJC_WEAK = YES;
				CLANG_WARN_BLOCK_CAPTURE_AUTORELEASING = YES;
				CLANG_WARN_BOOL_CONVERSION = YES;
				CLANG_WARN_COMMA = YES;
				CLANG_WARN_CONSTANT_CONVERSION = YES;
				CLANG_WARN_DEPRECATED_OBJC_IMPLEMENTATIONS = YES;
				CLANG_WARN_DIRECT_OBJC_ISA_USAGE = YES_ERROR;
				CLANG_WARN_DOCUMENTATION_COMMENTS = YES;
				CLANG_WARN_EMPTY_BODY = YES;
				CLANG_WARN_ENUM_CONVERSION = YES;
				CLANG_WARN_INFINITE_RECURSION = YES;
				CLANG_WARN_INT_CONVERSION = YES;
				CLANG_WARN_NON_LITERAL_NULL_CONVERSION = YES;
				CLANG_WARN_OBJC_IMPLICIT_RETAIN_SELF = YES;
				CLANG_WARN_OBJC_LITERAL_CONVERSION = YES;
				CLANG_WARN_OBJC_ROOT_CLASS = YES_ERROR;
				CLANG_WARN_QUOTED_INCLUDE_IN_FRAMEWORK_HEADER = YES;
				CLANG_WARN_RANGE_LOOP_ANALYSIS = YES;
				CLANG_WARN_STRICT_PROTOTYPES = YES;
				CLANG_WARN_SUSPICIOUS_MOVE = YES;
				CLANG_WARN_UNGUARDED_AVAILABILITY = YES_AGGRESSIVE;
				CLANG_WARN_UNREACHABLE_CODE = YES;
				CLANG_WARN__DUPLICATE_METHOD_MATCH = YES;
				COPY_PHASE_STRIP = NO;
				DEBUG_INFORMATION_FORMAT = dwarf;
				ENABLE_STRICT_OBJC_MSGSEND = YES;
				ENABLE_TESTABILITY = YES;
				GCC_C_LANGUAGE_STANDARD = gnu11;
				GCC_DYNAMIC_NO_PIC = NO;
				GCC_NO_COMMON_BLOCKS = YES;
				GCC_OPTIMIZATION_LEVEL = 0;
				GCC_PREPROCESSOR_DEFINITIONS = (
					"DEBUG=1",
					"$(inherited)",
				);
				GCC_WARN_64_TO_32_BIT_CONVERSION = YES;
				GCC_WARN_ABOUT_RETURN_TYPE = YES_ERROR;
				GCC_WARN_UNDECLARED_SELECTOR = YES;
				GCC_WARN_UNINITIALIZED_AUTOS = YES_AGGRESSIVE;
				GCC_WARN_UNUSED_FUNCTION = YES;
				GCC_WARN_UNUSED_VARIABLE = YES;
				IPHONEOS_DEPLOYMENT_TARGET = 14.2;
				MTL_ENABLE_DEBUG_INFO = INCLUDE_SOURCE;
				MTL_FAST_MATH = YES;
				ONLY_ACTIVE_ARCH = YES;
				SDKROOT = iphoneos;
				SWIFT_ACTIVE_COMPILATION_CONDITIONS = DEBUG;
				SWIFT_OPTIMIZATION_LEVEL = "-Onone";
			};
			name = Debug;
		};
		575C9E502599EEF000AB4E0B /* Release */ = {
			isa = XCBuildConfiguration;
			buildSettings = {
				ALWAYS_SEARCH_USER_PATHS = NO;
				CLANG_ANALYZER_NONNULL = YES;
				CLANG_ANALYZER_NUMBER_OBJECT_CONVERSION = YES_AGGRESSIVE;
				CLANG_CXX_LANGUAGE_STANDARD = "gnu++14";
				CLANG_CXX_LIBRARY = "libc++";
				CLANG_ENABLE_MODULES = YES;
				CLANG_ENABLE_OBJC_ARC = YES;
				CLANG_ENABLE_OBJC_WEAK = YES;
				CLANG_WARN_BLOCK_CAPTURE_AUTORELEASING = YES;
				CLANG_WARN_BOOL_CONVERSION = YES;
				CLANG_WARN_COMMA = YES;
				CLANG_WARN_CONSTANT_CONVERSION = YES;
				CLANG_WARN_DEPRECATED_OBJC_IMPLEMENTATIONS = YES;
				CLANG_WARN_DIRECT_OBJC_ISA_USAGE = YES_ERROR;
				CLANG_WARN_DOCUMENTATION_COMMENTS = YES;
				CLANG_WARN_EMPTY_BODY = YES;
				CLANG_WARN_ENUM_CONVERSION = YES;
				CLANG_WARN_INFINITE_RECURSION = YES;
				CLANG_WARN_INT_CONVERSION = YES;
				CLANG_WARN_NON_LITERAL_NULL_CONVERSION = YES;
				CLANG_WARN_OBJC_IMPLICIT_RETAIN_SELF = YES;
				CLANG_WARN_OBJC_LITERAL_CONVERSION = YES;
				CLANG_WARN_OBJC_ROOT_CLASS = YES_ERROR;
				CLANG_WARN_QUOTED_INCLUDE_IN_FRAMEWORK_HEADER = YES;
				CLANG_WARN_RANGE_LOOP_ANALYSIS = YES;
				CLANG_WARN_STRICT_PROTOTYPES = YES;
				CLANG_WARN_SUSPICIOUS_MOVE = YES;
				CLANG_WARN_UNGUARDED_AVAILABILITY = YES_AGGRESSIVE;
				CLANG_WARN_UNREACHABLE_CODE = YES;
				CLANG_WARN__DUPLICATE_METHOD_MATCH = YES;
				COPY_PHASE_STRIP = NO;
				DEBUG_INFORMATION_FORMAT = "dwarf-with-dsym";
				ENABLE_NS_ASSERTIONS = NO;
				ENABLE_STRICT_OBJC_MSGSEND = YES;
				GCC_C_LANGUAGE_STANDARD = gnu11;
				GCC_NO_COMMON_BLOCKS = YES;
				GCC_WARN_64_TO_32_BIT_CONVERSION = YES;
				GCC_WARN_ABOUT_RETURN_TYPE = YES_ERROR;
				GCC_WARN_UNDECLARED_SELECTOR = YES;
				GCC_WARN_UNINITIALIZED_AUTOS = YES_AGGRESSIVE;
				GCC_WARN_UNUSED_FUNCTION = YES;
				GCC_WARN_UNUSED_VARIABLE = YES;
				IPHONEOS_DEPLOYMENT_TARGET = 14.2;
				MTL_ENABLE_DEBUG_INFO = NO;
				MTL_FAST_MATH = YES;
				SDKROOT = iphoneos;
				SWIFT_COMPILATION_MODE = wholemodule;
				SWIFT_OPTIMIZATION_LEVEL = "-O";
				VALIDATE_PRODUCT = YES;
			};
			name = Release;
		};
		575C9E522599EEF000AB4E0B /* Debug */ = {
			isa = XCBuildConfiguration;
			buildSettings = {
				ASSETCATALOG_COMPILER_APPICON_NAME = AppIcon;
				ASSETCATALOG_COMPILER_GLOBAL_ACCENT_COLOR_NAME = AccentColor;
				CODE_SIGN_STYLE = Automatic;
				DEVELOPMENT_ASSET_PATHS = "\"final/Preview Content\"";
				ENABLE_PREVIEWS = YES;
				INFOPLIST_FILE = final/Info.plist;
				IPHONEOS_DEPLOYMENT_TARGET = 14.0;
				LD_RUNPATH_SEARCH_PATHS = (
					"$(inherited)",
					"@executable_path/Frameworks",
				);
				PRODUCT_BUNDLE_IDENTIFIER = "-22.final";
				PRODUCT_NAME = "$(TARGET_NAME)";
				SWIFT_VERSION = 5.0;
				TARGETED_DEVICE_FAMILY = "1,2";
			};
			name = Debug;
		};
		575C9E532599EEF000AB4E0B /* Release */ = {
			isa = XCBuildConfiguration;
			buildSettings = {
				ASSETCATALOG_COMPILER_APPICON_NAME = AppIcon;
				ASSETCATALOG_COMPILER_GLOBAL_ACCENT_COLOR_NAME = AccentColor;
				CODE_SIGN_STYLE = Automatic;
				DEVELOPMENT_ASSET_PATHS = "\"final/Preview Content\"";
				ENABLE_PREVIEWS = YES;
				INFOPLIST_FILE = final/Info.plist;
				IPHONEOS_DEPLOYMENT_TARGET = 14.0;
				LD_RUNPATH_SEARCH_PATHS = (
					"$(inherited)",
					"@executable_path/Frameworks",
				);
				PRODUCT_BUNDLE_IDENTIFIER = "-22.final";
				PRODUCT_NAME = "$(TARGET_NAME)";
				SWIFT_VERSION = 5.0;
				TARGETED_DEVICE_FAMILY = "1,2";
			};
			name = Release;
		};
		575C9E552599EEF000AB4E0B /* Debug */ = {
			isa = XCBuildConfiguration;
			buildSettings = {
				ALWAYS_EMBED_SWIFT_STANDARD_LIBRARIES = YES;
				BUNDLE_LOADER = "$(TEST_HOST)";
				CODE_SIGN_STYLE = Automatic;
				INFOPLIST_FILE = finalTests/Info.plist;
				IPHONEOS_DEPLOYMENT_TARGET = 14.0;
				LD_RUNPATH_SEARCH_PATHS = (
					"$(inherited)",
					"@executable_path/Frameworks",
					"@loader_path/Frameworks",
				);
				PRODUCT_BUNDLE_IDENTIFIER = "-22.finalTests";
				PRODUCT_NAME = "$(TARGET_NAME)";
				SWIFT_VERSION = 5.0;
				TARGETED_DEVICE_FAMILY = "1,2";
				TEST_HOST = "$(BUILT_PRODUCTS_DIR)/final.app/final";
			};
			name = Debug;
		};
		575C9E562599EEF000AB4E0B /* Release */ = {
			isa = XCBuildConfiguration;
			buildSettings = {
				ALWAYS_EMBED_SWIFT_STANDARD_LIBRARIES = YES;
				BUNDLE_LOADER = "$(TEST_HOST)";
				CODE_SIGN_STYLE = Automatic;
				INFOPLIST_FILE = finalTests/Info.plist;
				IPHONEOS_DEPLOYMENT_TARGET = 14.0;
				LD_RUNPATH_SEARCH_PATHS = (
					"$(inherited)",
					"@executable_path/Frameworks",
					"@loader_path/Frameworks",
				);
				PRODUCT_BUNDLE_IDENTIFIER = "-22.finalTests";
				PRODUCT_NAME = "$(TARGET_NAME)";
				SWIFT_VERSION = 5.0;
				TARGETED_DEVICE_FAMILY = "1,2";
				TEST_HOST = "$(BUILT_PRODUCTS_DIR)/final.app/final";
			};
			name = Release;
		};
		575C9E582599EEF000AB4E0B /* Debug */ = {
			isa = XCBuildConfiguration;
			buildSettings = {
				ALWAYS_EMBED_SWIFT_STANDARD_LIBRARIES = YES;
				CODE_SIGN_STYLE = Automatic;
				INFOPLIST_FILE = finalUITests/Info.plist;
				LD_RUNPATH_SEARCH_PATHS = (
					"$(inherited)",
					"@executable_path/Frameworks",
					"@loader_path/Frameworks",
				);
				PRODUCT_BUNDLE_IDENTIFIER = "-22.finalUITests";
				PRODUCT_NAME = "$(TARGET_NAME)";
				SWIFT_VERSION = 5.0;
				TARGETED_DEVICE_FAMILY = "1,2";
				TEST_TARGET_NAME = final;
			};
			name = Debug;
		};
		575C9E592599EEF000AB4E0B /* Release */ = {
			isa = XCBuildConfiguration;
			buildSettings = {
				ALWAYS_EMBED_SWIFT_STANDARD_LIBRARIES = YES;
				CODE_SIGN_STYLE = Automatic;
				INFOPLIST_FILE = finalUITests/Info.plist;
				LD_RUNPATH_SEARCH_PATHS = (
					"$(inherited)",
					"@executable_path/Frameworks",
					"@loader_path/Frameworks",
				);
				PRODUCT_BUNDLE_IDENTIFIER = "-22.finalUITests";
				PRODUCT_NAME = "$(TARGET_NAME)";
				SWIFT_VERSION = 5.0;
				TARGETED_DEVICE_FAMILY = "1,2";
				TEST_TARGET_NAME = final;
			};
			name = Release;
		};
/* End XCBuildConfiguration section */

/* Begin XCConfigurationList section */
		575C9E272599EEEE00AB4E0B /* Build configuration list for PBXProject "final" */ = {
			isa = XCConfigurationList;
			buildConfigurations = (
				575C9E4F2599EEF000AB4E0B /* Debug */,
				575C9E502599EEF000AB4E0B /* Release */,
			);
			defaultConfigurationIsVisible = 0;
			defaultConfigurationName = Release;
		};
		575C9E512599EEF000AB4E0B /* Build configuration list for PBXNativeTarget "final" */ = {
			isa = XCConfigurationList;
			buildConfigurations = (
				575C9E522599EEF000AB4E0B /* Debug */,
				575C9E532599EEF000AB4E0B /* Release */,
			);
			defaultConfigurationIsVisible = 0;
			defaultConfigurationName = Release;
		};
		575C9E542599EEF000AB4E0B /* Build configuration list for PBXNativeTarget "finalTests" */ = {
			isa = XCConfigurationList;
			buildConfigurations = (
				575C9E552599EEF000AB4E0B /* Debug */,
				575C9E562599EEF000AB4E0B /* Release */,
			);
			defaultConfigurationIsVisible = 0;
			defaultConfigurationName = Release;
		};
		575C9E572599EEF000AB4E0B /* Build configuration list for PBXNativeTarget "finalUITests" */ = {
			isa = XCConfigurationList;
			buildConfigurations = (
				575C9E582599EEF000AB4E0B /* Debug */,
				575C9E592599EEF000AB4E0B /* Release */,
			);
			defaultConfigurationIsVisible = 0;
			defaultConfigurationName = Release;
		};
/* End XCConfigurationList section */
	};
	rootObject = 575C9E242599EEEE00AB4E0B /* Project object */;
}
